
Microsoft Visual Studio Solution File, Format Version 12.00
# Visual Studio 15
VisualStudioVersion = 15.0.27004.2005
MinimumVisualStudioVersion = 10.0.40219.1
Project("{FAE04EC0-301F-11D3-BF4B-00C04F79EFBC}") = "Lexer", "Lexer\Lexer.csproj", "{3C32636C-2AA2-4E5D-8809-9C17133B5D6A}"
EndProject
Global
	GlobalSection(SolutionConfigurationPlatforms) = preSolution
		Debug|Any CPU = Debug|Any CPU
		Release|Any CPU = Release|Any CPU
	EndGlobalSection
	GlobalSection(ProjectConfigurationPlatforms) = postSolution
		{3C32636C-2AA2-4E5D-8809-9C17133B5D6A}.Debug|Any CPU.ActiveCfg = Debug|Any CPU
		{3C32636C-2AA2-4E5D-8809-9C17133B5D6A}.Debug|Any CPU.Build.0 = Debug|Any CPU
		{3C32636C-2AA2-4E5D-8809-9C17133B5D6A}.Release|Any CPU.ActiveCfg = Release|Any CPU
		{3C32636C-2AA2-4E5D-8809-9C17133B5D6A}.Release|Any CPU.Build.0 = Release|Any CPU
	EndGlobalSection
	GlobalSection(SolutionProperties) = preSolution
		HideSolutionNode = FALSE
	EndGlobalSection
	GlobalSection(ExtensibilityGlobals) = postSolution
		SolutionGuid = {3D156679-A344-406F-A86A-9FE917667AFF}
	EndGlobalSection
EndGlobal
